
Microsoft Visual Studio Solution File, Format Version 12.00
# Visual Studio 15
VisualStudioVersion = 15.0.28307.421
MinimumVisualStudioVersion = 10.0.40219.1
Project("{FAE04EC0-301F-11D3-BF4B-00C04F79EFBC}") = "WebApplication11", "WebApplication11.csproj", "{1E2137C0-188B-4464-BCAF-8629EC5C1F24}"
EndProject
Global
	GlobalSection(SolutionConfigurationPlatforms) = preSolution
		Debug|Any CPU = Debug|Any CPU
		Release|Any CPU = Release|Any CPU
	EndGlobalSection
	GlobalSection(ProjectConfigurationPlatforms) = postSolution
		{1E2137C0-188B-4464-BCAF-8629EC5C1F24}.Debug|Any CPU.ActiveCfg = Debug|Any CPU
		{1E2137C0-188B-4464-BCAF-8629EC5C1F24}.Debug|Any CPU.Build.0 = Debug|Any CPU
		{1E2137C0-188B-4464-BCAF-8629EC5C1F24}.Release|Any CPU.ActiveCfg = Release|Any CPU
		{1E2137C0-188B-4464-BCAF-8629EC5C1F24}.Release|Any CPU.Build.0 = Release|Any CPU
	EndGlobalSection
	GlobalSection(SolutionProperties) = preSolution
		HideSolutionNode = FALSE
	EndGlobalSection
	GlobalSection(ExtensibilityGlobals) = postSolution
		SolutionGuid = {BCB0B7AC-A04B-4C0F-A994-692A1E80FB38}
	EndGlobalSection
EndGlobal
